// !$*UTF8*$!
{
	archiveVersion = 1;
	classes = {
	};
	objectVersion = 55;
	objects = {

/* Begin PBXBuildFile section */
		4CE001CE2784E34200B0B33E /* AppDelegate.swift in Sources */ = {isa = PBXBuildFile; fileRef = 4CE001CD2784E34200B0B33E /* AppDelegate.swift */; };
		4CE001D02784E34200B0B33E /* SceneDelegate.swift in Sources */ = {isa = PBXBuildFile; fileRef = 4CE001CF2784E34200B0B33E /* SceneDelegate.swift */; };
		4CE001D22784E34200B0B33E /* ViewController.swift in Sources */ = {isa = PBXBuildFile; fileRef = 4CE001D12784E34200B0B33E /* ViewController.swift */; };
		4CE001D52784E34200B0B33E /* Main.storyboard in Resources */ = {isa = PBXBuildFile; fileRef = 4CE001D32784E34200B0B33E /* Main.storyboard */; };
		4CE001D72784E34400B0B33E /* Assets.xcassets in Resources */ = {isa = PBXBuildFile; fileRef = 4CE001D62784E34400B0B33E /* Assets.xcassets */; };
		4CE001DA2784E34400B0B33E /* LaunchScreen.storyboard in Resources */ = {isa = PBXBuildFile; fileRef = 4CE001D82784E34400B0B33E /* LaunchScreen.storyboard */; };
		4CE001FC2784EC0000B0B33E /* us.png in Resources */ = {isa = PBXBuildFile; fileRef = 4CE001E22784EBFE00B0B33E /* us.png */; };
		4CE001FD2784EC0000B0B33E /* monaco.png in Resources */ = {isa = PBXBuildFile; fileRef = 4CE001E32784EBFE00B0B33E /* monaco.png */; };
		4CE001FF2784EC0000B0B33E /* poland.png in Resources */ = {isa = PBXBuildFile; fileRef = 4CE001E52784EBFF00B0B33E /* poland.png */; };
		4CE002032784EC0000B0B33E /* turkey.png in Resources */ = {isa = PBXBuildFile; fileRef = 4CE001E92784EBFF00B0B33E /* turkey.png */; };
		4CE002042784EC0000B0B33E /* estonia.png in Resources */ = {isa = PBXBuildFile; fileRef = 4CE001EA2784EBFF00B0B33E /* estonia.png */; };
		4CE002052784EC0000B0B33E /* russia.png in Resources */ = {isa = PBXBuildFile; fileRef = 4CE001EB2784EBFF00B0B33E /* russia.png */; };
		4CE002082784EC0000B0B33E /* spain.png in Resources */ = {isa = PBXBuildFile; fileRef = 4CE001EE2784EBFF00B0B33E /* spain.png */; };
		4CE002092784EC0000B0B33E /* germany.png in Resources */ = {isa = PBXBuildFile; fileRef = 4CE001EF2784EBFF00B0B33E /* germany.png */; };
		4CE0020A2784EC0000B0B33E /* uk.png in Resources */ = {isa = PBXBuildFile; fileRef = 4CE001F02784EBFF00B0B33E /* uk.png */; };
		4CE0020C2784EC0000B0B33E /* france.png in Resources */ = {isa = PBXBuildFile; fileRef = 4CE001F22784EBFF00B0B33E /* france.png */; };
		4CE0020F2784EC0000B0B33E /* italy.png in Resources */ = {isa = PBXBuildFile; fileRef = 4CE001F52784EC0000B0B33E /* italy.png */; };
		4CE002132784EC0000B0B33E /* nigeria.png in Resources */ = {isa = PBXBuildFile; fileRef = 4CE001F92784EC0000B0B33E /* nigeria.png */; };
		4CE002152784EC0000B0B33E /* ireland.png in Resources */ = {isa = PBXBuildFile; fileRef = 4CE001FB2784EC0000B0B33E /* ireland.png */; };
/* End PBXBuildFile section */

/* Begin PBXFileReference section */
		4CE001CA2784E34200B0B33E /* Country Flags.app */ = {isa = PBXFileReference; explicitFileType = wrapper.application; includeInIndex = 0; path = "Country Flags.app"; sourceTree = BUILT_PRODUCTS_DIR; };
		4CE001CD2784E34200B0B33E /* AppDelegate.swift */ = {isa = PBXFileReference; lastKnownFileType = sourcecode.swift; path = AppDelegate.swift; sourceTree = "<group>"; };
		4CE001CF2784E34200B0B33E /* SceneDelegate.swift */ = {isa = PBXFileReference; lastKnownFileType = sourcecode.swift; path = SceneDelegate.swift; sourceTree = "<group>"; };
		4CE001D12784E34200B0B33E /* ViewController.swift */ = {isa = PBXFileReference; lastKnownFileType = sourcecode.swift; path = ViewController.swift; sourceTree = "<group>"; };
		4CE001D42784E34200B0B33E /* Base */ = {isa = PBXFileReference; lastKnownFileType = file.storyboard; name = Base; path = Base.lproj/Main.storyboard; sourceTree = "<group>"; };
		4CE001D62784E34400B0B33E /* Assets.xcassets */ = {isa = PBXFileReference; lastKnownFileType = folder.assetcatalog; path = Assets.xcassets; sourceTree = "<group>"; };
		4CE001D92784E34400B0B33E /* Base */ = {isa = PBXFileReference; lastKnownFileType = file.storyboard; name = Base; path = Base.lproj/LaunchScreen.storyboard; sourceTree = "<group>"; };
		4CE001DB2784E34400B0B33E /* Info.plist */ = {isa = PBXFileReference; lastKnownFileType = text.plist.xml; path = Info.plist; sourceTree = "<group>"; };
		4CE001E22784EBFE00B0B33E /* us.png */ = {isa = PBXFileReference; lastKnownFileType = image.png; path = us.png; sourceTree = "<group>"; };
		4CE001E32784EBFE00B0B33E /* monaco.png */ = {isa = PBXFileReference; lastKnownFileType = image.png; path = monaco.png; sourceTree = "<group>"; };
		4CE001E52784EBFF00B0B33E /* poland.png */ = {isa = PBXFileReference; lastKnownFileType = image.png; path = poland.png; sourceTree = "<group>"; };
		4CE001E92784EBFF00B0B33E /* turkey.png */ = {isa = PBXFileReference; lastKnownFileType = image.png; path = turkey.png; sourceTree = "<group>"; };
		4CE001EA2784EBFF00B0B33E /* estonia.png */ = {isa = PBXFileReference; lastKnownFileType = image.png; path = estonia.png; sourceTree = "<group>"; };
		4CE001EB2784EBFF00B0B33E /* russia.png */ = {isa = PBXFileReference; lastKnownFileType = image.png; path = russia.png; sourceTree = "<group>"; };
		4CE001EE2784EBFF00B0B33E /* spain.png */ = {isa = PBXFileReference; lastKnownFileType = image.png; path = spain.png; sourceTree = "<group>"; };
		4CE001EF2784EBFF00B0B33E /* germany.png */ = {isa = PBXFileReference; lastKnownFileType = image.png; path = germany.png; sourceTree = "<group>"; };
		4CE001F02784EBFF00B0B33E /* uk.png */ = {isa = PBXFileReference; lastKnownFileType = image.png; path = uk.png; sourceTree = "<group>"; };
		4CE001F22784EBFF00B0B33E /* france.png */ = {isa = PBXFileReference; lastKnownFileType = image.png; path = france.png; sourceTree = "<group>"; };
		4CE001F52784EC0000B0B33E /* italy.png */ = {isa = PBXFileReference; lastKnownFileType = image.png; path = italy.png; sourceTree = "<group>"; };
		4CE001F92784EC0000B0B33E /* nigeria.png */ = {isa = PBXFileReference; lastKnownFileType = image.png; path = nigeria.png; sourceTree = "<group>"; };
		4CE001FB2784EC0000B0B33E /* ireland.png */ = {isa = PBXFileReference; lastKnownFileType = image.png; path = ireland.png; sourceTree = "<group>"; };
/* End PBXFileReference section */

/* Begin PBXFrameworksBuildPhase section */
		4CE001C72784E34200B0B33E /* Frameworks */ = {
			isa = PBXFrameworksBuildPhase;
			buildActionMask = 2147483647;
			files = (
			);
			runOnlyForDeploymentPostprocessing = 0;
		};
/* End PBXFrameworksBuildPhase section */

/* Begin PBXGroup section */
		4CE001C12784E34200B0B33E = {
			isa = PBXGroup;
			children = (
				4CE001CC2784E34200B0B33E /* Country Flags */,
				4CE001CB2784E34200B0B33E /* Products */,
			);
			sourceTree = "<group>";
		};
		4CE001CB2784E34200B0B33E /* Products */ = {
			isa = PBXGroup;
			children = (
				4CE001CA2784E34200B0B33E /* Country Flags.app */,
			);
			name = Products;
			sourceTree = "<group>";
		};
		4CE001CC2784E34200B0B33E /* Country Flags */ = {
			isa = PBXGroup;
			children = (
				4CE001E12784EBD700B0B33E /* Flags */,
				4CE001CD2784E34200B0B33E /* AppDelegate.swift */,
				4CE001CF2784E34200B0B33E /* SceneDelegate.swift */,
				4CE001D12784E34200B0B33E /* ViewController.swift */,
				4CE001D32784E34200B0B33E /* Main.storyboard */,
				4CE001D62784E34400B0B33E /* Assets.xcassets */,
				4CE001D82784E34400B0B33E /* LaunchScreen.storyboard */,
				4CE001DB2784E34400B0B33E /* Info.plist */,
			);
			path = "Country Flags";
			sourceTree = "<group>";
		};
		4CE001E12784EBD700B0B33E /* Flags */ = {
			isa = PBXGroup;
			children = (
				4CE001EA2784EBFF00B0B33E /* estonia.png */,
				4CE001F22784EBFF00B0B33E /* france.png */,
				4CE001EF2784EBFF00B0B33E /* germany.png */,
				4CE001FB2784EC0000B0B33E /* ireland.png */,
				4CE001F52784EC0000B0B33E /* italy.png */,
				4CE001E32784EBFE00B0B33E /* monaco.png */,
				4CE001F92784EC0000B0B33E /* nigeria.png */,
				4CE001E52784EBFF00B0B33E /* poland.png */,
				4CE001EB2784EBFF00B0B33E /* russia.png */,
				4CE001EE2784EBFF00B0B33E /* spain.png */,
				4CE001E92784EBFF00B0B33E /* turkey.png */,
				4CE001F02784EBFF00B0B33E /* uk.png */,
				4CE001E22784EBFE00B0B33E /* us.png */,
			);
			path = Flags;
			sourceTree = "<group>";
		};
/* End PBXGroup section */

/* Begin PBXNativeTarget section */
		4CE001C92784E34200B0B33E /* Country Flags */ = {
			isa = PBXNativeTarget;
			buildConfigurationList = 4CE001DE2784E34400B0B33E /* Build configuration list for PBXNativeTarget "Country Flags" */;
			buildPhases = (
				4CE001C62784E34200B0B33E /* Sources */,
				4CE001C72784E34200B0B33E /* Frameworks */,
				4CE001C82784E34200B0B33E /* Resources */,
			);
			buildRules = (
			);
			dependencies = (
			);
			name = "Country Flags";
			productName = "Country Flags";
			productReference = 4CE001CA2784E34200B0B33E /* Country Flags.app */;
			productType = "com.apple.product-type.application";
		};
/* End PBXNativeTarget section */

/* Begin PBXProject section */
		4CE001C22784E34200B0B33E /* Project object */ = {
			isa = PBXProject;
			attributes = {
				BuildIndependentTargetsInParallel = 1;
				LastSwiftUpdateCheck = 1320;
				LastUpgradeCheck = 1320;
				TargetAttributes = {
					4CE001C92784E34200B0B33E = {
						CreatedOnToolsVersion = 13.2.1;
					};
				};
			};
			buildConfigurationList = 4CE001C52784E34200B0B33E /* Build configuration list for PBXProject "Country Flags" */;
			compatibilityVersion = "Xcode 13.0";
			developmentRegion = en;
			hasScannedForEncodings = 0;
			knownRegions = (
				en,
				Base,
			);
			mainGroup = 4CE001C12784E34200B0B33E;
			productRefGroup = 4CE001CB2784E34200B0B33E /* Products */;
			projectDirPath = "";
			projectRoot = "";
			targets = (
				4CE001C92784E34200B0B33E /* Country Flags */,
			);
		};
/* End PBXProject section */

/* Begin PBXResourcesBuildPhase section */
		4CE001C82784E34200B0B33E /* Resources */ = {
			isa = PBXResourcesBuildPhase;
			buildActionMask = 2147483647;
			files = (
				4CE002132784EC0000B0B33E /* nigeria.png in Resources */,
				4CE001DA2784E34400B0B33E /* LaunchScreen.storyboard in Resources */,
				4CE001D72784E34400B0B33E /* Assets.xcassets in Resources */,
				4CE001D52784E34200B0B33E /* Main.storyboard in Resources */,
				4CE0020F2784EC0000B0B33E /* italy.png in Resources */,
				4CE002092784EC0000B0B33E /* germany.png in Resources */,
				4CE002082784EC0000B0B33E /* spain.png in Resources */,
				4CE001FD2784EC0000B0B33E /* monaco.png in Resources */,
				4CE001FF2784EC0000B0B33E /* poland.png in Resources */,
				4CE0020C2784EC0000B0B33E /* france.png in Resources */,
				4CE002152784EC0000B0B33E /* ireland.png in Resources */,
				4CE002052784EC0000B0B33E /* russia.png in Resources */,
				4CE002032784EC0000B0B33E /* turkey.png in Resources */,
				4CE001FC2784EC0000B0B33E /* us.png in Resources */,
				4CE0020A2784EC0000B0B33E /* uk.png in Resources */,
				4CE002042784EC0000B0B33E /* estonia.png in Resources */,
			);
			runOnlyForDeploymentPostprocessing = 0;
		};
/* End PBXResourcesBuildPhase section */

/* Begin PBXSourcesBuildPhase section */
		4CE001C62784E34200B0B33E /* Sources */ = {
			isa = PBXSourcesBuildPhase;
			buildActionMask = 2147483647;
			files = (
				4CE001D22784E34200B0B33E /* ViewController.swift in Sources */,
				4CE001CE2784E34200B0B33E /* AppDelegate.swift in Sources */,
				4CE001D02784E34200B0B33E /* SceneDelegate.swift in Sources */,
			);
			runOnlyForDeploymentPostprocessing = 0;
		};
/* End PBXSourcesBuildPhase section */

/* Begin PBXVariantGroup section */
		4CE001D32784E34200B0B33E /* Main.storyboard */ = {
			isa = PBXVariantGroup;
			children = (
				4CE001D42784E34200B0B33E /* Base */,
			);
			name = Main.storyboard;
			sourceTree = "<group>";
		};
		4CE001D82784E34400B0B33E /* LaunchScreen.storyboard */ = {
			isa = PBXVariantGroup;
			children = (
				4CE001D92784E34400B0B33E /* Base */,
			);
			name = LaunchScreen.storyboard;
			sourceTree = "<group>";
		};
/* End PBXVariantGroup section */

/* Begin XCBuildConfiguration section */
		4CE001DC2784E34400B0B33E /* Debug */ = {
			isa = XCBuildConfiguration;
			buildSettings = {
				ALWAYS_SEARCH_USER_PATHS = NO;
				CLANG_ANALYZER_NONNULL = YES;
				CLANG_ANALYZER_NUMBER_OBJECT_CONVERSION = YES_AGGRESSIVE;
				CLANG_CXX_LANGUAGE_STANDARD = "gnu++17";
				CLANG_CXX_LIBRARY = "libc++";
				CLANG_ENABLE_MODULES = YES;
				CLANG_ENABLE_OBJC_ARC = YES;
				CLANG_ENABLE_OBJC_WEAK = YES;
				CLANG_WARN_BLOCK_CAPTURE_AUTORELEASING = YES;
				CLANG_WARN_BOOL_CONVERSION = YES;
				CLANG_WARN_COMMA = YES;
				CLANG_WARN_CONSTANT_CONVERSION = YES;
				CLANG_WARN_DEPRECATED_OBJC_IMPLEMENTATIONS = YES;
				CLANG_WARN_DIRECT_OBJC_ISA_USAGE = YES_ERROR;
				CLANG_WARN_DOCUMENTATION_COMMENTS = YES;
				CLANG_WARN_EMPTY_BODY = YES;
				CLANG_WARN_ENUM_CONVERSION = YES;
				CLANG_WARN_INFINITE_RECURSION = YES;
				CLANG_WARN_INT_CONVERSION = YES;
				CLANG_WARN_NON_LITERAL_NULL_CONVERSION = YES;
				CLANG_WARN_OBJC_IMPLICIT_RETAIN_SELF = YES;
				CLANG_WARN_OBJC_LITERAL_CONVERSION = YES;
				CLANG_WARN_OBJC_ROOT_CLASS = YES_ERROR;
				CLANG_WARN_QUOTED_INCLUDE_IN_FRAMEWORK_HEADER = YES;
				CLANG_WARN_RANGE_LOOP_ANALYSIS = YES;
				CLANG_WARN_STRICT_PROTOTYPES = YES;
				CLANG_WARN_SUSPICIOUS_MOVE = YES;
				CLANG_WARN_UNGUARDED_AVAILABILITY = YES_AGGRESSIVE;
				CLANG_WARN_UNREACHABLE_CODE = YES;
				CLANG_WARN__DUPLICATE_METHOD_MATCH = YES;
				COPY_PHASE_STRIP = NO;
				DEBUG_INFORMATION_FORMAT = dwarf;
				ENABLE_STRICT_OBJC_MSGSEND = YES;
				ENABLE_TESTABILITY = YES;
				GCC_C_LANGUAGE_STANDARD = gnu11;
				GCC_DYNAMIC_NO_PIC = NO;
				GCC_NO_COMMON_BLOCKS = YES;
				GCC_OPTIMIZATION_LEVEL = 0;
				GCC_PREPROCESSOR_DEFINITIONS = (
					"DEBUG=1",
					"$(inherited)",
				);
				GCC_WARN_64_TO_32_BIT_CONVERSION = YES;
				GCC_WARN_ABOUT_RETURN_TYPE = YES_ERROR;
				GCC_WARN_UNDECLARED_SELECTOR = YES;
				GCC_WARN_UNINITIALIZED_AUTOS = YES_AGGRESSIVE;
				GCC_WARN_UNUSED_FUNCTION = YES;
				GCC_WARN_UNUSED_VARIABLE = YES;
				IPHONEOS_DEPLOYMENT_TARGET = 15.2;
				MTL_ENABLE_DEBUG_INFO = INCLUDE_SOURCE;
				MTL_FAST_MATH = YES;
				ONLY_ACTIVE_ARCH = YES;
				SDKROOT = iphoneos;
				SWIFT_ACTIVE_COMPILATION_CONDITIONS = DEBUG;
				SWIFT_OPTIMIZATION_LEVEL = "-Onone";
			};
			name = Debug;
		};
		4CE001DD2784E34400B0B33E /* Release */ = {
			isa = XCBuildConfiguration;
			buildSettings = {
				ALWAYS_SEARCH_USER_PATHS = NO;
				CLANG_ANALYZER_NONNULL = YES;
				CLANG_ANALYZER_NUMBER_OBJECT_CONVERSION = YES_AGGRESSIVE;
				CLANG_CXX_LANGUAGE_STANDARD = "gnu++17";
				CLANG_CXX_LIBRARY = "libc++";
				CLANG_ENABLE_MODULES = YES;
				CLANG_ENABLE_OBJC_ARC = YES;
				CLANG_ENABLE_OBJC_WEAK = YES;
				CLANG_WARN_BLOCK_CAPTURE_AUTORELEASING = YES;
				CLANG_WARN_BOOL_CONVERSION = YES;
				CLANG_WARN_COMMA = YES;
				CLANG_WARN_CONSTANT_CONVERSION = YES;
				CLANG_WARN_DEPRECATED_OBJC_IMPLEMENTATIONS = YES;
				CLANG_WARN_DIRECT_OBJC_ISA_USAGE = YES_ERROR;
				CLANG_WARN_DOCUMENTATION_COMMENTS = YES;
				CLANG_WARN_EMPTY_BODY = YES;
				CLANG_WARN_ENUM_CONVERSION = YES;
				CLANG_WARN_INFINITE_RECURSION = YES;
				CLANG_WARN_INT_CONVERSION = YES;
				CLANG_WARN_NON_LITERAL_NULL_CONVERSION = YES;
				CLANG_WARN_OBJC_IMPLICIT_RETAIN_SELF = YES;
				CLANG_WARN_OBJC_LITERAL_CONVERSION = YES;
				CLANG_WARN_OBJC_ROOT_CLASS = YES_ERROR;
				CLANG_WARN_QUOTED_INCLUDE_IN_FRAMEWORK_HEADER = YES;
				CLANG_WARN_RANGE_LOOP_ANALYSIS = YES;
				CLANG_WARN_STRICT_PROTOTYPES = YES;
				CLANG_WARN_SUSPICIOUS_MOVE = YES;
				CLANG_WARN_UNGUARDED_AVAILABILITY = YES_AGGRESSIVE;
				CLANG_WARN_UNREACHABLE_CODE = YES;
				CLANG_WARN__DUPLICATE_METHOD_MATCH = YES;
				COPY_PHASE_STRIP = NO;
				DEBUG_INFORMATION_FORMAT = "dwarf-with-dsym";
				ENABLE_NS_ASSERTIONS = NO;
				ENABLE_STRICT_OBJC_MSGSEND = YES;
				GCC_C_LANGUAGE_STANDARD = gnu11;
				GCC_NO_COMMON_BLOCKS = YES;
				GCC_WARN_64_TO_32_BIT_CONVERSION = YES;
				GCC_WARN_ABOUT_RETURN_TYPE = YES_ERROR;
				GCC_WARN_UNDECLARED_SELECTOR = YES;
				GCC_WARN_UNINITIALIZED_AUTOS = YES_AGGRESSIVE;
				GCC_WARN_UNUSED_FUNCTION = YES;
				GCC_WARN_UNUSED_VARIABLE = YES;
				IPHONEOS_DEPLOYMENT_TARGET = 15.2;
				MTL_ENABLE_DEBUG_INFO = NO;
				MTL_FAST_MATH = YES;
				SDKROOT = iphoneos;
				SWIFT_COMPILATION_MODE = wholemodule;
				SWIFT_OPTIMIZATION_LEVEL = "-O";
				VALIDATE_PRODUCT = YES;
			};
			name = Release;
		};
		4CE001DF2784E34400B0B33E /* Debug */ = {
			isa = XCBuildConfiguration;
			buildSettings = {
				ASSETCATALOG_COMPILER_APPICON_NAME = AppIcon;
				ASSETCATALOG_COMPILER_GLOBAL_ACCENT_COLOR_NAME = AccentColor;
				CODE_SIGN_STYLE = Automatic;
				CURRENT_PROJECT_VERSION = 1;
				DEVELOPMENT_TEAM = Z5693NZJLD;
				GENERATE_INFOPLIST_FILE = YES;
				INFOPLIST_FILE = "Country Flags/Info.plist";
				INFOPLIST_KEY_UIApplicationSupportsIndirectInputEvents = YES;
				INFOPLIST_KEY_UILaunchStoryboardName = LaunchScreen;
				INFOPLIST_KEY_UIMainStoryboardFile = Main;
				INFOPLIST_KEY_UISupportedInterfaceOrientations_iPad = "UIInterfaceOrientationPortrait UIInterfaceOrientationPortraitUpsideDown UIInterfaceOrientationLandscapeLeft UIInterfaceOrientationLandscapeRight";
				INFOPLIST_KEY_UISupportedInterfaceOrientations_iPhone = "UIInterfaceOrientationPortrait UIInterfaceOrientationLandscapeLeft UIInterfaceOrientationLandscapeRight";
				LD_RUNPATH_SEARCH_PATHS = (
					"$(inherited)",
					"@executable_path/Frameworks",
				);
				MARKETING_VERSION = 1.0;
				PRODUCT_BUNDLE_IDENTIFIER = "com.iltekin.Country-Flags";
				PRODUCT_NAME = "$(TARGET_NAME)";
				SWIFT_EMIT_LOC_STRINGS = YES;
				SWIFT_VERSION = 5.0;
				TARGETED_DEVICE_FAMILY = "1,2";
			};
			name = Debug;
		};
		4CE001E02784E34400B0B33E /* Release */ = {
			isa = XCBuildConfiguration;
			buildSettings = {
				ASSETCATALOG_COMPILER_APPICON_NAME = AppIcon;
				ASSETCATALOG_COMPILER_GLOBAL_ACCENT_COLOR_NAME = AccentColor;
				CODE_SIGN_STYLE = Automatic;
				CURRENT_PROJECT_VERSION = 1;
				DEVELOPMENT_TEAM = Z5693NZJLD;
				GENERATE_INFOPLIST_FILE = YES;
				INFOPLIST_FILE = "Country Flags/Info.plist";
				INFOPLIST_KEY_UIApplicationSupportsIndirectInputEvents = YES;
				INFOPLIST_KEY_UILaunchStoryboardName = LaunchScreen;
				INFOPLIST_KEY_UIMainStoryboardFile = Main;
				INFOPLIST_KEY_UISupportedInterfaceOrientations_iPad = "UIInterfaceOrientationPortrait UIInterfaceOrientationPortraitUpsideDown UIInterfaceOrientationLandscapeLeft UIInterfaceOrientationLandscapeRight";
				INFOPLIST_KEY_UISupportedInterfaceOrientations_iPhone = "UIInterfaceOrientationPortrait UIInterfaceOrientationLandscapeLeft UIInterfaceOrientationLandscapeRight";
				LD_RUNPATH_SEARCH_PATHS = (
					"$(inherited)",
					"@executable_path/Frameworks",
				);
				MARKETING_VERSION = 1.0;
				PRODUCT_BUNDLE_IDENTIFIER = "com.iltekin.Country-Flags";
				PRODUCT_NAME = "$(TARGET_NAME)";
				SWIFT_EMIT_LOC_STRINGS = YES;
				SWIFT_VERSION = 5.0;
				TARGETED_DEVICE_FAMILY = "1,2";
			};
			name = Release;
		};
/* End XCBuildConfiguration section */

/* Begin XCConfigurationList section */
		4CE001C52784E34200B0B33E /* Build configuration list for PBXProject "Country Flags" */ = {
			isa = XCConfigurationList;
			buildConfigurations = (
				4CE001DC2784E34400B0B33E /* Debug */,
				4CE001DD2784E34400B0B33E /* Release */,
			);
			defaultConfigurationIsVisible = 0;
			defaultConfigurationName = Release;
		};
		4CE001DE2784E34400B0B33E /* Build configuration list for PBXNativeTarget "Country Flags" */ = {
			isa = XCConfigurationList;
			buildConfigurations = (
				4CE001DF2784E34400B0B33E /* Debug */,
				4CE001E02784E34400B0B33E /* Release */,
			);
			defaultConfigurationIsVisible = 0;
			defaultConfigurationName = Release;
		};
/* End XCConfigurationList section */
	};
	rootObject = 4CE001C22784E34200B0B33E /* Project object */;
}
